
Microsoft Visual Studio Solution File, Format Version 12.00
# Visual Studio Version 17
VisualStudioVersion = 17.14.36705.20 d17.14
MinimumVisualStudioVersion = 10.0.40219.1
Project("{FAE04EC0-301F-11D3-BF4B-00C04F79EFBC}") = "DinamikCVProjesi", "DinamikCVProjesi\DinamikCVProjesi.csproj", "{415985F4-76E1-4438-8C82-ED3A00C113B0}"
EndProject
Global
	GlobalSection(SolutionConfigurationPlatforms) = preSolution
		Debug|Any CPU = Debug|Any CPU
		Release|Any CPU = Release|Any CPU
	EndGlobalSection
	GlobalSection(ProjectConfigurationPlatforms) = postSolution
		{415985F4-76E1-4438-8C82-ED3A00C113B0}.Debug|Any CPU.ActiveCfg = Debug|Any CPU
		{415985F4-76E1-4438-8C82-ED3A00C113B0}.Debug|Any CPU.Build.0 = Debug|Any CPU
		{415985F4-76E1-4438-8C82-ED3A00C113B0}.Release|Any CPU.ActiveCfg = Release|Any CPU
		{415985F4-76E1-4438-8C82-ED3A00C113B0}.Release|Any CPU.Build.0 = Release|Any CPU
	EndGlobalSection
	GlobalSection(SolutionProperties) = preSolution
		HideSolutionNode = FALSE
	EndGlobalSection
	GlobalSection(ExtensibilityGlobals) = postSolution
		SolutionGuid = {5A3DF21C-5F12-4606-B98F-57BD215B8C88}
	EndGlobalSection
EndGlobal
